// !$*UTF8*$!
{
	archiveVersion = 1;
	classes = {
	};
	objectVersion = 51;
	objects = {

/* Begin PBXBuildFile section */
		524E1FF8D0ACE3ADBAAAFBB8 /* Pods_FWKnowledgePro.framework in Frameworks */ = {isa = PBXBuildFile; fileRef = CDAA706BCE158FB31BA8152E /* Pods_FWKnowledgePro.framework */; };
		AF5630B9256E041400F61828 /* Model.xcdatamodeld in Sources */ = {isa = PBXBuildFile; fileRef = AF5630B7256E041400F61828 /* Model.xcdatamodeld */; };
		AF56322F256F969B00F61828 /* RunLoopTestViewController.m in Sources */ = {isa = PBXBuildFile; fileRef = AF563202256F969B00F61828 /* RunLoopTestViewController.m */; };
		AF563230256F969B00F61828 /* BlockTestViewController.m in Sources */ = {isa = PBXBuildFile; fileRef = AF563205256F969B00F61828 /* BlockTestViewController.m */; };
		AF563231256F969B00F61828 /* NSThreadTestViewController.m in Sources */ = {isa = PBXBuildFile; fileRef = AF563207256F969B00F61828 /* NSThreadTestViewController.m */; };
		AF563232256F969B00F61828 /* NetTestViewController.m in Sources */ = {isa = PBXBuildFile; fileRef = AF563208256F969B00F61828 /* NetTestViewController.m */; };
		AF563233256F969B00F61828 /* NSOperationTestViewController.m in Sources */ = {isa = PBXBuildFile; fileRef = AF563209256F969B00F61828 /* NSOperationTestViewController.m */; };
		AF563234256F969B00F61828 /* MSAlgorithmViewController.m in Sources */ = {isa = PBXBuildFile; fileRef = AF56320B256F969B00F61828 /* MSAlgorithmViewController.m */; };
		AF563235256F969C00F61828 /* GCDTestViewController.m in Sources */ = {isa = PBXBuildFile; fileRef = AF56320D256F969B00F61828 /* GCDTestViewController.m */; };
		AF563236256F969C00F61828 /* SQLiteTestViewController.m in Sources */ = {isa = PBXBuildFile; fileRef = AF563210256F969B00F61828 /* SQLiteTestViewController.m */; };
		AF563237256F969C00F61828 /* CDHomeViewController.m in Sources */ = {isa = PBXBuildFile; fileRef = AF563213256F969B00F61828 /* CDHomeViewController.m */; };
		AF563238256F969C00F61828 /* Student2+CoreDataProperties.m in Sources */ = {isa = PBXBuildFile; fileRef = AF563214256F969B00F61828 /* Student2+CoreDataProperties.m */; };
		AF563239256F969C00F61828 /* Student2+CoreDataClass.m in Sources */ = {isa = PBXBuildFile; fileRef = AF563215256F969B00F61828 /* Student2+CoreDataClass.m */; };
		AF56323A256F969C00F61828 /* KeyChainTestViewController.m in Sources */ = {isa = PBXBuildFile; fileRef = AF563219256F969B00F61828 /* KeyChainTestViewController.m */; };
		AF56323B256F969C00F61828 /* DataPersistenceViewController.m in Sources */ = {isa = PBXBuildFile; fileRef = AF56321B256F969B00F61828 /* DataPersistenceViewController.m */; };
		AF56323C256F969C00F61828 /* CMHomeViewController.m in Sources */ = {isa = PBXBuildFile; fileRef = AF56321E256F969B00F61828 /* CMHomeViewController.m */; };
		AF56323D256F969C00F61828 /* CMAllDataListViewController.m in Sources */ = {isa = PBXBuildFile; fileRef = AF56321F256F969B00F61828 /* CMAllDataListViewController.m */; };
		AF56323E256F969C00F61828 /* CMClassStudentViewController.m in Sources */ = {isa = PBXBuildFile; fileRef = AF563221256F969B00F61828 /* CMClassStudentViewController.m */; };
		AF56323F256F969C00F61828 /* FWDataBaseManager.m in Sources */ = {isa = PBXBuildFile; fileRef = AF563223256F969B00F61828 /* FWDataBaseManager.m */; };
		AF563240256F969C00F61828 /* FMDBTestViewController.m in Sources */ = {isa = PBXBuildFile; fileRef = AF563225256F969B00F61828 /* FMDBTestViewController.m */; };
		AF563241256F969C00F61828 /* UserTestModel.m in Sources */ = {isa = PBXBuildFile; fileRef = AF563227256F969B00F61828 /* UserTestModel.m */; };
		AF563242256F969C00F61828 /* StudentTestModel.m in Sources */ = {isa = PBXBuildFile; fileRef = AF563228256F969B00F61828 /* StudentTestModel.m */; };
		AF563243256F969C00F61828 /* ClassTestModel.m in Sources */ = {isa = PBXBuildFile; fileRef = AF563229256F969B00F61828 /* ClassTestModel.m */; };
		AF563249256F971300F61828 /* DPHomeViewController.m in Sources */ = {isa = PBXBuildFile; fileRef = AF563248256F971300F61828 /* DPHomeViewController.m */; };
		AF5632FF2570AF0F00F61828 /* PrototypePersonShallowCopy.m in Sources */ = {isa = PBXBuildFile; fileRef = AF5632F22570AF0F00F61828 /* PrototypePersonShallowCopy.m */; };
		AF5633002570AF0F00F61828 /* PrototypePerson.m in Sources */ = {isa = PBXBuildFile; fileRef = AF5632F32570AF0F00F61828 /* PrototypePerson.m */; };
		AF5633012570AF0F00F61828 /* PrototypeJob.m in Sources */ = {isa = PBXBuildFile; fileRef = AF5632F42570AF0F00F61828 /* PrototypeJob.m */; };
		AF5633022570AF0F00F61828 /* PrototypePersonDeepCopy.m in Sources */ = {isa = PBXBuildFile; fileRef = AF5632F52570AF0F00F61828 /* PrototypePersonDeepCopy.m */; };
		AF5633032570AF0F00F61828 /* NSObject+Singleton.m in Sources */ = {isa = PBXBuildFile; fileRef = AF5632F72570AF0F00F61828 /* NSObject+Singleton.m */; };
		AF5633042570AF0F00F61828 /* HMSingleton.m in Sources */ = {isa = PBXBuildFile; fileRef = AF5632F82570AF0F00F61828 /* HMSingleton.m */; };
		AF5633052570AF0F00F61828 /* Singleton.m in Sources */ = {isa = PBXBuildFile; fileRef = AF5632FC2570AF0F00F61828 /* Singleton.m */; };
		AF5633062570AF0F00F61828 /* SingletonTest.m in Sources */ = {isa = PBXBuildFile; fileRef = AF5632FE2570AF0F00F61828 /* SingletonTest.m */; };
		AF5633792570DFFF00F61828 /* Cat.m in Sources */ = {isa = PBXBuildFile; fileRef = AF5633782570DFFF00F61828 /* Cat.m */; };
		AF5634102570EB3500F61828 /* Dog.m in Sources */ = {isa = PBXBuildFile; fileRef = AF56340F2570EB3500F61828 /* Dog.m */; };
		AF56341C2570EC4300F61828 /* DogFactory.m in Sources */ = {isa = PBXBuildFile; fileRef = AF56341B2570EC4300F61828 /* DogFactory.m */; };
		AF5634222570EC5800F61828 /* CatFactory.m in Sources */ = {isa = PBXBuildFile; fileRef = AF5634212570EC5800F61828 /* CatFactory.m */; };
		AF5BE45F256BB98F0028EB6E /* Assets.xcassets in Resources */ = {isa = PBXBuildFile; fileRef = AF5BE45E256BB98F0028EB6E /* Assets.xcassets */; };
		AF5BE462256BB98F0028EB6E /* LaunchScreen.storyboard in Resources */ = {isa = PBXBuildFile; fileRef = AF5BE460256BB98F0028EB6E /* LaunchScreen.storyboard */; };
		AF5BE465256BB98F0028EB6E /* main.m in Sources */ = {isa = PBXBuildFile; fileRef = AF5BE464256BB98F0028EB6E /* main.m */; };
		AF5BE46F256BB98F0028EB6E /* FWKnowledgeProTests.m in Sources */ = {isa = PBXBuildFile; fileRef = AF5BE46E256BB98F0028EB6E /* FWKnowledgeProTests.m */; };
		AF5BE47A256BB98F0028EB6E /* FWKnowledgeProUITests.m in Sources */ = {isa = PBXBuildFile; fileRef = AF5BE479256BB98F0028EB6E /* FWKnowledgeProUITests.m */; };
		AF5BE4AD256BBD540028EB6E /* SceneDelegate.m in Sources */ = {isa = PBXBuildFile; fileRef = AF5BE4A8256BBD540028EB6E /* SceneDelegate.m */; };
		AF5BE4AE256BBD540028EB6E /* AppDelegate.m in Sources */ = {isa = PBXBuildFile; fileRef = AF5BE4A9256BBD540028EB6E /* AppDelegate.m */; };
		AF5BE4B4256BBDB30028EB6E /* HomeViewController.m in Sources */ = {isa = PBXBuildFile; fileRef = AF5BE4B3256BBDB30028EB6E /* HomeViewController.m */; };
		AF5BE4BB256BBE4C0028EB6E /* FWBaseViewController.m in Sources */ = {isa = PBXBuildFile; fileRef = AF5BE4BA256BBE4C0028EB6E /* FWBaseViewController.m */; };
		AF5BE4C4256BBE600028EB6E /* FWBaseTableViewController.m in Sources */ = {isa = PBXBuildFile; fileRef = AF5BE4C3256BBE600028EB6E /* FWBaseTableViewController.m */; };
		AF6ADE812574862A00FBED46 /* DomesticAnimalFactory.m in Sources */ = {isa = PBXBuildFile; fileRef = AF6ADE802574862A00FBED46 /* DomesticAnimalFactory.m */; };
		AF6ADE8A2574886800FBED46 /* DomesticDog.m in Sources */ = {isa = PBXBuildFile; fileRef = AF6ADE892574886800FBED46 /* DomesticDog.m */; };
		AF6ADE902574887800FBED46 /* DomesticCat.m in Sources */ = {isa = PBXBuildFile; fileRef = AF6ADE8F2574887800FBED46 /* DomesticCat.m */; };
		AF6ADE9625748E1B00FBED46 /* WildAnimalFactory.m in Sources */ = {isa = PBXBuildFile; fileRef = AF6ADE9525748E1B00FBED46 /* WildAnimalFactory.m */; };
		AF6ADE9F25748EA000FBED46 /* WildDog.m in Sources */ = {isa = PBXBuildFile; fileRef = AF6ADE9E25748EA000FBED46 /* WildDog.m */; };
		AF6ADEA525748EAF00FBED46 /* WildCat.m in Sources */ = {isa = PBXBuildFile; fileRef = AF6ADEA425748EAF00FBED46 /* WildCat.m */; };
/* End PBXBuildFile section */

/* Begin PBXContainerItemProxy section */
		AF5BE46B256BB98F0028EB6E /* PBXContainerItemProxy */ = {
			isa = PBXContainerItemProxy;
			containerPortal = AF5BE447256BB98D0028EB6E /* Project object */;
			proxyType = 1;
			remoteGlobalIDString = AF5BE44E256BB98D0028EB6E;
			remoteInfo = FWKnowledgePro;
		};
		AF5BE476256BB98F0028EB6E /* PBXContainerItemProxy */ = {
			isa = PBXContainerItemProxy;
			containerPortal = AF5BE447256BB98D0028EB6E /* Project object */;
			proxyType = 1;
			remoteGlobalIDString = AF5BE44E256BB98D0028EB6E;
			remoteInfo = FWKnowledgePro;
		};
/* End PBXContainerItemProxy section */

/* Begin PBXFileReference section */
		72FB8F3DDE2EAD5F61852F6B /* Pods-FWKnowledgePro.debug.xcconfig */ = {isa = PBXFileReference; includeInIndex = 1; lastKnownFileType = text.xcconfig; name = "Pods-FWKnowledgePro.debug.xcconfig"; path = "Target Support Files/Pods-FWKnowledgePro/Pods-FWKnowledgePro.debug.xcconfig"; sourceTree = "<group>"; };
		AF5630B8256E041400F61828 /* Model.xcdatamodel */ = {isa = PBXFileReference; lastKnownFileType = wrapper.xcdatamodel; path = Model.xcdatamodel; sourceTree = "<group>"; };
		AF563200256F969B00F61828 /* NSThreadTestViewController.h */ = {isa = PBXFileReference; fileEncoding = 4; lastKnownFileType = sourcecode.c.h; path = NSThreadTestViewController.h; sourceTree = "<group>"; };
		AF563201256F969B00F61828 /* NetTestViewController.h */ = {isa = PBXFileReference; fileEncoding = 4; lastKnownFileType = sourcecode.c.h; path = NetTestViewController.h; sourceTree = "<group>"; };
		AF563202256F969B00F61828 /* RunLoopTestViewController.m */ = {isa = PBXFileReference; fileEncoding = 4; lastKnownFileType = sourcecode.c.objc; path = RunLoopTestViewController.m; sourceTree = "<group>"; };
		AF563203256F969B00F61828 /* NSOperationTestViewController.h */ = {isa = PBXFileReference; fileEncoding = 4; lastKnownFileType = sourcecode.c.h; path = NSOperationTestViewController.h; sourceTree = "<group>"; };
		AF563204256F969B00F61828 /* GCDTestViewController.h */ = {isa = PBXFileReference; fileEncoding = 4; lastKnownFileType = sourcecode.c.h; path = GCDTestViewController.h; sourceTree = "<group>"; };
		AF563205256F969B00F61828 /* BlockTestViewController.m */ = {isa = PBXFileReference; fileEncoding = 4; lastKnownFileType = sourcecode.c.objc; path = BlockTestViewController.m; sourceTree = "<group>"; };
		AF563206256F969B00F61828 /* MSAlgorithmViewController.h */ = {isa = PBXFileReference; fileEncoding = 4; lastKnownFileType = sourcecode.c.h; path = MSAlgorithmViewController.h; sourceTree = "<group>"; };
		AF563207256F969B00F61828 /* NSThreadTestViewController.m */ = {isa = PBXFileReference; fileEncoding = 4; lastKnownFileType = sourcecode.c.objc; path = NSThreadTestViewController.m; sourceTree = "<group>"; };
		AF563208256F969B00F61828 /* NetTestViewController.m */ = {isa = PBXFileReference; fileEncoding = 4; lastKnownFileType = sourcecode.c.objc; path = NetTestViewController.m; sourceTree = "<group>"; };
		AF563209256F969B00F61828 /* NSOperationTestViewController.m */ = {isa = PBXFileReference; fileEncoding = 4; lastKnownFileType = sourcecode.c.objc; path = NSOperationTestViewController.m; sourceTree = "<group>"; };
		AF56320A256F969B00F61828 /* RunLoopTestViewController.h */ = {isa = PBXFileReference; fileEncoding = 4; lastKnownFileType = sourcecode.c.h; path = RunLoopTestViewController.h; sourceTree = "<group>"; };
		AF56320B256F969B00F61828 /* MSAlgorithmViewController.m */ = {isa = PBXFileReference; fileEncoding = 4; lastKnownFileType = sourcecode.c.objc; path = MSAlgorithmViewController.m; sourceTree = "<group>"; };
		AF56320C256F969B00F61828 /* BlockTestViewController.h */ = {isa = PBXFileReference; fileEncoding = 4; lastKnownFileType = sourcecode.c.h; path = BlockTestViewController.h; sourceTree = "<group>"; };
		AF56320D256F969B00F61828 /* GCDTestViewController.m */ = {isa = PBXFileReference; fileEncoding = 4; lastKnownFileType = sourcecode.c.objc; path = GCDTestViewController.m; sourceTree = "<group>"; };
		AF56320F256F969B00F61828 /* DataPersistenceViewController.h */ = {isa = PBXFileReference; fileEncoding = 4; lastKnownFileType = sourcecode.c.h; path = DataPersistenceViewController.h; sourceTree = "<group>"; };
		AF563210256F969B00F61828 /* SQLiteTestViewController.m */ = {isa = PBXFileReference; fileEncoding = 4; lastKnownFileType = sourcecode.c.objc; path = SQLiteTestViewController.m; sourceTree = "<group>"; };
		AF563212256F969B00F61828 /* Student2+CoreDataClass.h */ = {isa = PBXFileReference; fileEncoding = 4; lastKnownFileType = sourcecode.c.h; path = "Student2+CoreDataClass.h"; sourceTree = "<group>"; };
		AF563213256F969B00F61828 /* CDHomeViewController.m */ = {isa = PBXFileReference; fileEncoding = 4; lastKnownFileType = sourcecode.c.objc; path = CDHomeViewController.m; sourceTree = "<group>"; };
		AF563214256F969B00F61828 /* Student2+CoreDataProperties.m */ = {isa = PBXFileReference; fileEncoding = 4; lastKnownFileType = sourcecode.c.objc; path = "Student2+CoreDataProperties.m"; sourceTree = "<group>"; };
		AF563215256F969B00F61828 /* Student2+CoreDataClass.m */ = {isa = PBXFileReference; fileEncoding = 4; lastKnownFileType = sourcecode.c.objc; path = "Student2+CoreDataClass.m"; sourceTree = "<group>"; };
		AF563216256F969B00F61828 /* Student2+CoreDataProperties.h */ = {isa = PBXFileReference; fileEncoding = 4; lastKnownFileType = sourcecode.c.h; path = "Student2+CoreDataProperties.h"; sourceTree = "<group>"; };
		AF563217256F969B00F61828 /* CDHomeViewController.h */ = {isa = PBXFileReference; fileEncoding = 4; lastKnownFileType = sourcecode.c.h; path = CDHomeViewController.h; sourceTree = "<group>"; };
		AF563218256F969B00F61828 /* FMDBTestViewController.h */ = {isa = PBXFileReference; fileEncoding = 4; lastKnownFileType = sourcecode.c.h; path = FMDBTestViewController.h; sourceTree = "<group>"; };
		AF563219256F969B00F61828 /* KeyChainTestViewController.m */ = {isa = PBXFileReference; fileEncoding = 4; lastKnownFileType = sourcecode.c.objc; path = KeyChainTestViewController.m; sourceTree = "<group>"; };
		AF56321A256F969B00F61828 /* SQLiteTestViewController.h */ = {isa = PBXFileReference; fileEncoding = 4; lastKnownFileType = sourcecode.c.h; path = SQLiteTestViewController.h; sourceTree = "<group>"; };
		AF56321B256F969B00F61828 /* DataPersistenceViewController.m */ = {isa = PBXFileReference; fileEncoding = 4; lastKnownFileType = sourcecode.c.objc; path = DataPersistenceViewController.m; sourceTree = "<group>"; };
		AF56321D256F969B00F61828 /* CMClassStudentViewController.h */ = {isa = PBXFileReference; fileEncoding = 4; lastKnownFileType = sourcecode.c.h; path = CMClassStudentViewController.h; sourceTree = "<group>"; };
		AF56321E256F969B00F61828 /* CMHomeViewController.m */ = {isa = PBXFileReference; fileEncoding = 4; lastKnownFileType = sourcecode.c.objc; path = CMHomeViewController.m; sourceTree = "<group>"; };
		AF56321F256F969B00F61828 /* CMAllDataListViewController.m */ = {isa = PBXFileReference; fileEncoding = 4; lastKnownFileType = sourcecode.c.objc; path = CMAllDataListViewController.m; sourceTree = "<group>"; };
		AF563220256F969B00F61828 /* FWDataBaseManager.h */ = {isa = PBXFileReference; fileEncoding = 4; lastKnownFileType = sourcecode.c.h; path = FWDataBaseManager.h; sourceTree = "<group>"; };
		AF563221256F969B00F61828 /* CMClassStudentViewController.m */ = {isa = PBXFileReference; fileEncoding = 4; lastKnownFileType = sourcecode.c.objc; path = CMClassStudentViewController.m; sourceTree = "<group>"; };
		AF563222256F969B00F61828 /* CMHomeViewController.h */ = {isa = PBXFileReference; fileEncoding = 4; lastKnownFileType = sourcecode.c.h; path = CMHomeViewController.h; sourceTree = "<group>"; };
		AF563223256F969B00F61828 /* FWDataBaseManager.m */ = {isa = PBXFileReference; fileEncoding = 4; lastKnownFileType = sourcecode.c.objc; path = FWDataBaseManager.m; sourceTree = "<group>"; };
		AF563224256F969B00F61828 /* CMAllDataListViewController.h */ = {isa = PBXFileReference; fileEncoding = 4; lastKnownFileType = sourcecode.c.h; path = CMAllDataListViewController.h; sourceTree = "<group>"; };
		AF563225256F969B00F61828 /* FMDBTestViewController.m */ = {isa = PBXFileReference; fileEncoding = 4; lastKnownFileType = sourcecode.c.objc; path = FMDBTestViewController.m; sourceTree = "<group>"; };
		AF563227256F969B00F61828 /* UserTestModel.m */ = {isa = PBXFileReference; fileEncoding = 4; lastKnownFileType = sourcecode.c.objc; path = UserTestModel.m; sourceTree = "<group>"; };
		AF563228256F969B00F61828 /* StudentTestModel.m */ = {isa = PBXFileReference; fileEncoding = 4; lastKnownFileType = sourcecode.c.objc; path = StudentTestModel.m; sourceTree = "<group>"; };
		AF563229256F969B00F61828 /* ClassTestModel.m */ = {isa = PBXFileReference; fileEncoding = 4; lastKnownFileType = sourcecode.c.objc; path = ClassTestModel.m; sourceTree = "<group>"; };
		AF56322A256F969B00F61828 /* UserTestModel.h */ = {isa = PBXFileReference; fileEncoding = 4; lastKnownFileType = sourcecode.c.h; path = UserTestModel.h; sourceTree = "<group>"; };
		AF56322B256F969B00F61828 /* StudentTestModel.h */ = {isa = PBXFileReference; fileEncoding = 4; lastKnownFileType = sourcecode.c.h; path = StudentTestModel.h; sourceTree = "<group>"; };
		AF56322C256F969B00F61828 /* ClassTestModel.h */ = {isa = PBXFileReference; fileEncoding = 4; lastKnownFileType = sourcecode.c.h; path = ClassTestModel.h; sourceTree = "<group>"; };
		AF56322D256F969B00F61828 /* KeyChainTestViewController.h */ = {isa = PBXFileReference; fileEncoding = 4; lastKnownFileType = sourcecode.c.h; path = KeyChainTestViewController.h; sourceTree = "<group>"; };
		AF563247256F971300F61828 /* DPHomeViewController.h */ = {isa = PBXFileReference; lastKnownFileType = sourcecode.c.h; path = DPHomeViewController.h; sourceTree = "<group>"; };
		AF563248256F971300F61828 /* DPHomeViewController.m */ = {isa = PBXFileReference; lastKnownFileType = sourcecode.c.objc; path = DPHomeViewController.m; sourceTree = "<group>"; };
		AF5632EE2570AF0F00F61828 /* PrototypePersonShallowCopy.h */ = {isa = PBXFileReference; fileEncoding = 4; lastKnownFileType = sourcecode.c.h; path = PrototypePersonShallowCopy.h; sourceTree = "<group>"; };
		AF5632EF2570AF0F00F61828 /* PrototypePerson.h */ = {isa = PBXFileReference; fileEncoding = 4; lastKnownFileType = sourcecode.c.h; path = PrototypePerson.h; sourceTree = "<group>"; };
		AF5632F02570AF0F00F61828 /* PrototypeJob.h */ = {isa = PBXFileReference; fileEncoding = 4; lastKnownFileType = sourcecode.c.h; path = PrototypeJob.h; sourceTree = "<group>"; };
		AF5632F12570AF0F00F61828 /* PrototypePersonDeepCopy.h */ = {isa = PBXFileReference; fileEncoding = 4; lastKnownFileType = sourcecode.c.h; path = PrototypePersonDeepCopy.h; sourceTree = "<group>"; };
		AF5632F22570AF0F00F61828 /* PrototypePersonShallowCopy.m */ = {isa = PBXFileReference; fileEncoding = 4; lastKnownFileType = sourcecode.c.objc; path = PrototypePersonShallowCopy.m; sourceTree = "<group>"; };
		AF5632F32570AF0F00F61828 /* PrototypePerson.m */ = {isa = PBXFileReference; fileEncoding = 4; lastKnownFileType = sourcecode.c.objc; path = PrototypePerson.m; sourceTree = "<group>"; };
		AF5632F42570AF0F00F61828 /* PrototypeJob.m */ = {isa = PBXFileReference; fileEncoding = 4; lastKnownFileType = sourcecode.c.objc; path = PrototypeJob.m; sourceTree = "<group>"; };
		AF5632F52570AF0F00F61828 /* PrototypePersonDeepCopy.m */ = {isa = PBXFileReference; fileEncoding = 4; lastKnownFileType = sourcecode.c.objc; path = PrototypePersonDeepCopy.m; sourceTree = "<group>"; };
		AF5632F72570AF0F00F61828 /* NSObject+Singleton.m */ = {isa = PBXFileReference; fileEncoding = 4; lastKnownFileType = sourcecode.c.objc; path = "NSObject+Singleton.m"; sourceTree = "<group>"; };
		AF5632F82570AF0F00F61828 /* HMSingleton.m */ = {isa = PBXFileReference; fileEncoding = 4; lastKnownFileType = sourcecode.c.objc; path = HMSingleton.m; sourceTree = "<group>"; };
		AF5632F92570AF0F00F61828 /* Singleton.h */ = {isa = PBXFileReference; fileEncoding = 4; lastKnownFileType = sourcecode.c.h; path = Singleton.h; sourceTree = "<group>"; };
		AF5632FA2570AF0F00F61828 /* SingletonTest.h */ = {isa = PBXFileReference; fileEncoding = 4; lastKnownFileType = sourcecode.c.h; path = SingletonTest.h; sourceTree = "<group>"; };
		AF5632FB2570AF0F00F61828 /* NSObject+Singleton.h */ = {isa = PBXFileReference; fileEncoding = 4; lastKnownFileType = sourcecode.c.h; path = "NSObject+Singleton.h"; sourceTree = "<group>"; };
		AF5632FC2570AF0F00F61828 /* Singleton.m */ = {isa = PBXFileReference; fileEncoding = 4; lastKnownFileType = sourcecode.c.objc; path = Singleton.m; sourceTree = "<group>"; };
		AF5632FD2570AF0F00F61828 /* HMSingleton.h */ = {isa = PBXFileReference; fileEncoding = 4; lastKnownFileType = sourcecode.c.h; path = HMSingleton.h; sourceTree = "<group>"; };
		AF5632FE2570AF0F00F61828 /* SingletonTest.m */ = {isa = PBXFileReference; fileEncoding = 4; lastKnownFileType = sourcecode.c.objc; path = SingletonTest.m; sourceTree = "<group>"; };
		AF56333E2570D97F00F61828 /* AnimalProtocol.h */ = {isa = PBXFileReference; lastKnownFileType = sourcecode.c.h; path = AnimalProtocol.h; sourceTree = "<group>"; };
		AF5633772570DFFF00F61828 /* Cat.h */ = {isa = PBXFileReference; lastKnownFileType = sourcecode.c.h; path = Cat.h; sourceTree = "<group>"; };
		AF5633782570DFFF00F61828 /* Cat.m */ = {isa = PBXFileReference; lastKnownFileType = sourcecode.c.objc; path = Cat.m; sourceTree = "<group>"; };
		AF56340E2570EB3500F61828 /* Dog.h */ = {isa = PBXFileReference; lastKnownFileType = sourcecode.c.h; path = Dog.h; sourceTree = "<group>"; };
		AF56340F2570EB3500F61828 /* Dog.m */ = {isa = PBXFileReference; lastKnownFileType = sourcecode.c.objc; path = Dog.m; sourceTree = "<group>"; };
		AF56341A2570EC4300F61828 /* DogFactory.h */ = {isa = PBXFileReference; lastKnownFileType = sourcecode.c.h; path = DogFactory.h; sourceTree = "<group>"; };
		AF56341B2570EC4300F61828 /* DogFactory.m */ = {isa = PBXFileReference; lastKnownFileType = sourcecode.c.objc; path = DogFactory.m; sourceTree = "<group>"; };
		AF5634202570EC5800F61828 /* CatFactory.h */ = {isa = PBXFileReference; lastKnownFileType = sourcecode.c.h; path = CatFactory.h; sourceTree = "<group>"; };
		AF5634212570EC5800F61828 /* CatFactory.m */ = {isa = PBXFileReference; lastKnownFileType = sourcecode.c.objc; path = CatFactory.m; sourceTree = "<group>"; };
		AF5634262570EEB900F61828 /* FactoryProtocol.h */ = {isa = PBXFileReference; lastKnownFileType = sourcecode.c.h; path = FactoryProtocol.h; sourceTree = "<group>"; };
		AF5BE44F256BB98D0028EB6E /* FWKnowledgePro.app */ = {isa = PBXFileReference; explicitFileType = wrapper.application; includeInIndex = 0; path = FWKnowledgePro.app; sourceTree = BUILT_PRODUCTS_DIR; };
		AF5BE45E256BB98F0028EB6E /* Assets.xcassets */ = {isa = PBXFileReference; lastKnownFileType = folder.assetcatalog; path = Assets.xcassets; sourceTree = "<group>"; };
		AF5BE461256BB98F0028EB6E /* Base */ = {isa = PBXFileReference; lastKnownFileType = file.storyboard; name = Base; path = Base.lproj/LaunchScreen.storyboard; sourceTree = "<group>"; };
		AF5BE463256BB98F0028EB6E /* Info.plist */ = {isa = PBXFileReference; lastKnownFileType = text.plist.xml; path = Info.plist; sourceTree = "<group>"; };
		AF5BE464256BB98F0028EB6E /* main.m */ = {isa = PBXFileReference; lastKnownFileType = sourcecode.c.objc; path = main.m; sourceTree = "<group>"; };
		AF5BE46A256BB98F0028EB6E /* FWKnowledgeProTests.xctest */ = {isa = PBXFileReference; explicitFileType = wrapper.cfbundle; includeInIndex = 0; path = FWKnowledgeProTests.xctest; sourceTree = BUILT_PRODUCTS_DIR; };
		AF5BE46E256BB98F0028EB6E /* FWKnowledgeProTests.m */ = {isa = PBXFileReference; lastKnownFileType = sourcecode.c.objc; path = FWKnowledgeProTests.m; sourceTree = "<group>"; };
		AF5BE470256BB98F0028EB6E /* Info.plist */ = {isa = PBXFileReference; lastKnownFileType = text.plist.xml; path = Info.plist; sourceTree = "<group>"; };
		AF5BE475256BB98F0028EB6E /* FWKnowledgeProUITests.xctest */ = {isa = PBXFileReference; explicitFileType = wrapper.cfbundle; includeInIndex = 0; path = FWKnowledgeProUITests.xctest; sourceTree = BUILT_PRODUCTS_DIR; };
		AF5BE479256BB98F0028EB6E /* FWKnowledgeProUITests.m */ = {isa = PBXFileReference; lastKnownFileType = sourcecode.c.objc; path = FWKnowledgeProUITests.m; sourceTree = "<group>"; };
		AF5BE47B256BB98F0028EB6E /* Info.plist */ = {isa = PBXFileReference; lastKnownFileType = text.plist.xml; path = Info.plist; sourceTree = "<group>"; };
		AF5BE4A7256BBD540028EB6E /* AppDelegate.h */ = {isa = PBXFileReference; fileEncoding = 4; lastKnownFileType = sourcecode.c.h; path = AppDelegate.h; sourceTree = "<group>"; };
		AF5BE4A8256BBD540028EB6E /* SceneDelegate.m */ = {isa = PBXFileReference; fileEncoding = 4; lastKnownFileType = sourcecode.c.objc; path = SceneDelegate.m; sourceTree = "<group>"; };
		AF5BE4A9256BBD540028EB6E /* AppDelegate.m */ = {isa = PBXFileReference; fileEncoding = 4; lastKnownFileType = sourcecode.c.objc; path = AppDelegate.m; sourceTree = "<group>"; };
		AF5BE4AA256BBD540028EB6E /* SceneDelegate.h */ = {isa = PBXFileReference; fileEncoding = 4; lastKnownFileType = sourcecode.c.h; path = SceneDelegate.h; sourceTree = "<group>"; };
		AF5BE4B2256BBDB30028EB6E /* HomeViewController.h */ = {isa = PBXFileReference; fileEncoding = 4; lastKnownFileType = sourcecode.c.h; path = HomeViewController.h; sourceTree = "<group>"; };
		AF5BE4B3256BBDB30028EB6E /* HomeViewController.m */ = {isa = PBXFileReference; fileEncoding = 4; lastKnownFileType = sourcecode.c.objc; path = HomeViewController.m; sourceTree = "<group>"; };
		AF5BE4B9256BBE4C0028EB6E /* FWBaseViewController.h */ = {isa = PBXFileReference; lastKnownFileType = sourcecode.c.h; path = FWBaseViewController.h; sourceTree = "<group>"; };
		AF5BE4BA256BBE4C0028EB6E /* FWBaseViewController.m */ = {isa = PBXFileReference; lastKnownFileType = sourcecode.c.objc; path = FWBaseViewController.m; sourceTree = "<group>"; };
		AF5BE4C2256BBE600028EB6E /* FWBaseTableViewController.h */ = {isa = PBXFileReference; lastKnownFileType = sourcecode.c.h; path = FWBaseTableViewController.h; sourceTree = "<group>"; };
		AF5BE4C3256BBE600028EB6E /* FWBaseTableViewController.m */ = {isa = PBXFileReference; lastKnownFileType = sourcecode.c.objc; path = FWBaseTableViewController.m; sourceTree = "<group>"; };
		AF6ADE7C2574845D00FBED46 /* AbstractAnimal.h */ = {isa = PBXFileReference; lastKnownFileType = sourcecode.c.h; path = AbstractAnimal.h; sourceTree = "<group>"; };
		AF6ADE7D2574847A00FBED46 /* AbstractDog.h */ = {isa = PBXFileReference; lastKnownFileType = sourcecode.c.h; path = AbstractDog.h; sourceTree = "<group>"; };
		AF6ADE7E2574848D00FBED46 /* AbstractCat.h */ = {isa = PBXFileReference; lastKnownFileType = sourcecode.c.h; path = AbstractCat.h; sourceTree = "<group>"; };
		AF6ADE7F2574862A00FBED46 /* DomesticAnimalFactory.h */ = {isa = PBXFileReference; lastKnownFileType = sourcecode.c.h; path = DomesticAnimalFactory.h; sourceTree = "<group>"; };
		AF6ADE802574862A00FBED46 /* DomesticAnimalFactory.m */ = {isa = PBXFileReference; lastKnownFileType = sourcecode.c.objc; path = DomesticAnimalFactory.m; sourceTree = "<group>"; };
		AF6ADE882574886800FBED46 /* DomesticDog.h */ = {isa = PBXFileReference; lastKnownFileType = sourcecode.c.h; path = DomesticDog.h; sourceTree = "<group>"; };
		AF6ADE892574886800FBED46 /* DomesticDog.m */ = {isa = PBXFileReference; lastKnownFileType = sourcecode.c.objc; path = DomesticDog.m; sourceTree = "<group>"; };
		AF6ADE8E2574887800FBED46 /* DomesticCat.h */ = {isa = PBXFileReference; lastKnownFileType = sourcecode.c.h; path = DomesticCat.h; sourceTree = "<group>"; };
		AF6ADE8F2574887800FBED46 /* DomesticCat.m */ = {isa = PBXFileReference; lastKnownFileType = sourcecode.c.objc; path = DomesticCat.m; sourceTree = "<group>"; };
		AF6ADE9425748E1B00FBED46 /* WildAnimalFactory.h */ = {isa = PBXFileReference; lastKnownFileType = sourcecode.c.h; path = WildAnimalFactory.h; sourceTree = "<group>"; };
		AF6ADE9525748E1B00FBED46 /* WildAnimalFactory.m */ = {isa = PBXFileReference; lastKnownFileType = sourcecode.c.objc; path = WildAnimalFactory.m; sourceTree = "<group>"; };
		AF6ADE9D25748EA000FBED46 /* WildDog.h */ = {isa = PBXFileReference; lastKnownFileType = sourcecode.c.h; path = WildDog.h; sourceTree = "<group>"; };
		AF6ADE9E25748EA000FBED46 /* WildDog.m */ = {isa = PBXFileReference; lastKnownFileType = sourcecode.c.objc; path = WildDog.m; sourceTree = "<group>"; };
		AF6ADEA325748EAF00FBED46 /* WildCat.h */ = {isa = PBXFileReference; lastKnownFileType = sourcecode.c.h; path = WildCat.h; sourceTree = "<group>"; };
		AF6ADEA425748EAF00FBED46 /* WildCat.m */ = {isa = PBXFileReference; lastKnownFileType = sourcecode.c.objc; path = WildCat.m; sourceTree = "<group>"; };
		CDAA706BCE158FB31BA8152E /* Pods_FWKnowledgePro.framework */ = {isa = PBXFileReference; explicitFileType = wrapper.framework; includeInIndex = 0; path = Pods_FWKnowledgePro.framework; sourceTree = BUILT_PRODUCTS_DIR; };
		ED4A85BC7664EC07AC610233 /* Pods-FWKnowledgePro.release.xcconfig */ = {isa = PBXFileReference; includeInIndex = 1; lastKnownFileType = text.xcconfig; name = "Pods-FWKnowledgePro.release.xcconfig"; path = "Target Support Files/Pods-FWKnowledgePro/Pods-FWKnowledgePro.release.xcconfig"; sourceTree = "<group>"; };
/* End PBXFileReference section */

/* Begin PBXFrameworksBuildPhase section */
		AF5BE44C256BB98D0028EB6E /* Frameworks */ = {
			isa = PBXFrameworksBuildPhase;
			buildActionMask = 2147483647;
			files = (
				524E1FF8D0ACE3ADBAAAFBB8 /* Pods_FWKnowledgePro.framework in Frameworks */,
			);
			runOnlyForDeploymentPostprocessing = 0;
		};
		AF5BE467256BB98F0028EB6E /* Frameworks */ = {
			isa = PBXFrameworksBuildPhase;
			buildActionMask = 2147483647;
			files = (
			);
			runOnlyForDeploymentPostprocessing = 0;
		};
		AF5BE472256BB98F0028EB6E /* Frameworks */ = {
			isa = PBXFrameworksBuildPhase;
			buildActionMask = 2147483647;
			files = (
			);
			runOnlyForDeploymentPostprocessing = 0;
		};
/* End PBXFrameworksBuildPhase section */

/* Begin PBXGroup section */
		9281FC72911C5795BE4971C0 /* Pods */ = {
			isa = PBXGroup;
			children = (
				72FB8F3DDE2EAD5F61852F6B /* Pods-FWKnowledgePro.debug.xcconfig */,
				ED4A85BC7664EC07AC610233 /* Pods-FWKnowledgePro.release.xcconfig */,
			);
			path = Pods;
			sourceTree = "<group>";
		};
		AF5631FF256F969B00F61828 /* Comprehensive(综合) */ = {
			isa = PBXGroup;
			children = (
				AF56320C256F969B00F61828 /* BlockTestViewController.h */,
				AF563205256F969B00F61828 /* BlockTestViewController.m */,
				AF563204256F969B00F61828 /* GCDTestViewController.h */,
				AF56320D256F969B00F61828 /* GCDTestViewController.m */,
				AF563206256F969B00F61828 /* MSAlgorithmViewController.h */,
				AF56320B256F969B00F61828 /* MSAlgorithmViewController.m */,
				AF563201256F969B00F61828 /* NetTestViewController.h */,
				AF563208256F969B00F61828 /* NetTestViewController.m */,
				AF563203256F969B00F61828 /* NSOperationTestViewController.h */,
				AF563209256F969B00F61828 /* NSOperationTestViewController.m */,
				AF563200256F969B00F61828 /* NSThreadTestViewController.h */,
				AF563207256F969B00F61828 /* NSThreadTestViewController.m */,
				AF56320A256F969B00F61828 /* RunLoopTestViewController.h */,
				AF563202256F969B00F61828 /* RunLoopTestViewController.m */,
			);
			path = "Comprehensive(综合)";
			sourceTree = "<group>";
		};
		AF56320E256F969B00F61828 /* DataPersistence(数据持久化) */ = {
			isa = PBXGroup;
			children = (
				AF56321C256F969B00F61828 /* ClassManagerSystem */,
				AF563211256F969B00F61828 /* CoreDataTest */,
				AF563226256F969B00F61828 /* Model */,
				AF56320F256F969B00F61828 /* DataPersistenceViewController.h */,
				AF56321B256F969B00F61828 /* DataPersistenceViewController.m */,
				AF563218256F969B00F61828 /* FMDBTestViewController.h */,
				AF563225256F969B00F61828 /* FMDBTestViewController.m */,
				AF56322D256F969B00F61828 /* KeyChainTestViewController.h */,
				AF563219256F969B00F61828 /* KeyChainTestViewController.m */,
				AF56321A256F969B00F61828 /* SQLiteTestViewController.h */,
				AF563210256F969B00F61828 /* SQLiteTestViewController.m */,
			);
			path = "DataPersistence(数据持久化)";
			sourceTree = "<group>";
		};
		AF563211256F969B00F61828 /* CoreDataTest */ = {
			isa = PBXGroup;
			children = (
				AF563217256F969B00F61828 /* CDHomeViewController.h */,
				AF563213256F969B00F61828 /* CDHomeViewController.m */,
				AF563212256F969B00F61828 /* Student2+CoreDataClass.h */,
				AF563215256F969B00F61828 /* Student2+CoreDataClass.m */,
				AF563216256F969B00F61828 /* Student2+CoreDataProperties.h */,
				AF563214256F969B00F61828 /* Student2+CoreDataProperties.m */,
			);
			path = CoreDataTest;
			sourceTree = "<group>";
		};
		AF56321C256F969B00F61828 /* ClassManagerSystem */ = {
			isa = PBXGroup;
			children = (
				AF563224256F969B00F61828 /* CMAllDataListViewController.h */,
				AF56321F256F969B00F61828 /* CMAllDataListViewController.m */,
				AF56321D256F969B00F61828 /* CMClassStudentViewController.h */,
				AF563221256F969B00F61828 /* CMClassStudentViewController.m */,
				AF563222256F969B00F61828 /* CMHomeViewController.h */,
				AF56321E256F969B00F61828 /* CMHomeViewController.m */,
				AF563220256F969B00F61828 /* FWDataBaseManager.h */,
				AF563223256F969B00F61828 /* FWDataBaseManager.m */,
			);
			path = ClassManagerSystem;
			sourceTree = "<group>";
		};
		AF563226256F969B00F61828 /* Model */ = {
			isa = PBXGroup;
			children = (
				AF56322C256F969B00F61828 /* ClassTestModel.h */,
				AF563229256F969B00F61828 /* ClassTestModel.m */,
				AF56322B256F969B00F61828 /* StudentTestModel.h */,
				AF563228256F969B00F61828 /* StudentTestModel.m */,
				AF56322A256F969B00F61828 /* UserTestModel.h */,
				AF563227256F969B00F61828 /* UserTestModel.m */,
			);
			path = Model;
			sourceTree = "<group>";
		};
		AF56322E256F969B00F61828 /* DesignPatterns(设计模式) */ = {
			isa = PBXGroup;
			children = (
				AF56345F2570F8E200F61828 /* AbstractFactory(抽象工厂模式) */,
				AF56330D2570D7F800F61828 /* FactoryMethod(工厂模式) */,
				AF5632ED2570AF0F00F61828 /* Prototype(原型模式) */,
				AF5632F62570AF0F00F61828 /* Singleton(单例模式) */,
				AF563247256F971300F61828 /* DPHomeViewController.h */,
				AF563248256F971300F61828 /* DPHomeViewController.m */,
			);
			path = "DesignPatterns(设计模式)";
			sourceTree = "<group>";
		};
		AF5632ED2570AF0F00F61828 /* Prototype(原型模式) */ = {
			isa = PBXGroup;
			children = (
				AF5632EF2570AF0F00F61828 /* PrototypePerson.h */,
				AF5632F32570AF0F00F61828 /* PrototypePerson.m */,
				AF5632F02570AF0F00F61828 /* PrototypeJob.h */,
				AF5632F42570AF0F00F61828 /* PrototypeJob.m */,
				AF5632F12570AF0F00F61828 /* PrototypePersonDeepCopy.h */,
				AF5632F52570AF0F00F61828 /* PrototypePersonDeepCopy.m */,
				AF5632EE2570AF0F00F61828 /* PrototypePersonShallowCopy.h */,
				AF5632F22570AF0F00F61828 /* PrototypePersonShallowCopy.m */,
			);
			path = "Prototype(原型模式)";
			sourceTree = "<group>";
		};
		AF5632F62570AF0F00F61828 /* Singleton(单例模式) */ = {
			isa = PBXGroup;
			children = (
				AF5632F92570AF0F00F61828 /* Singleton.h */,
				AF5632FC2570AF0F00F61828 /* Singleton.m */,
				AF5632FD2570AF0F00F61828 /* HMSingleton.h */,
				AF5632F82570AF0F00F61828 /* HMSingleton.m */,
				AF5632FB2570AF0F00F61828 /* NSObject+Singleton.h */,
				AF5632F72570AF0F00F61828 /* NSObject+Singleton.m */,
				AF5632FA2570AF0F00F61828 /* SingletonTest.h */,
				AF5632FE2570AF0F00F61828 /* SingletonTest.m */,
			);
			path = "Singleton(单例模式)";
			sourceTree = "<group>";
		};
		AF56330D2570D7F800F61828 /* FactoryMethod(工厂模式) */ = {
			isa = PBXGroup;
			children = (
				AF56333E2570D97F00F61828 /* AnimalProtocol.h */,
				AF5633772570DFFF00F61828 /* Cat.h */,
				AF5633782570DFFF00F61828 /* Cat.m */,
				AF56340E2570EB3500F61828 /* Dog.h */,
				AF56340F2570EB3500F61828 /* Dog.m */,
				AF5634262570EEB900F61828 /* FactoryProtocol.h */,
				AF5634202570EC5800F61828 /* CatFactory.h */,
				AF5634212570EC5800F61828 /* CatFactory.m */,
				AF56341A2570EC4300F61828 /* DogFactory.h */,
				AF56341B2570EC4300F61828 /* DogFactory.m */,
			);
			path = "FactoryMethod(工厂模式)";
			sourceTree = "<group>";
		};
		AF56345F2570F8E200F61828 /* AbstractFactory(抽象工厂模式) */ = {
			isa = PBXGroup;
			children = (
				AF6ADE7C2574845D00FBED46 /* AbstractAnimal.h */,
				AF6ADE7D2574847A00FBED46 /* AbstractDog.h */,
				AF6ADE7E2574848D00FBED46 /* AbstractCat.h */,
				AF6ADE7F2574862A00FBED46 /* DomesticAnimalFactory.h */,
				AF6ADE802574862A00FBED46 /* DomesticAnimalFactory.m */,
				AF6ADE882574886800FBED46 /* DomesticDog.h */,
				AF6ADE892574886800FBED46 /* DomesticDog.m */,
				AF6ADE8E2574887800FBED46 /* DomesticCat.h */,
				AF6ADE8F2574887800FBED46 /* DomesticCat.m */,
				AF6ADE9425748E1B00FBED46 /* WildAnimalFactory.h */,
				AF6ADE9525748E1B00FBED46 /* WildAnimalFactory.m */,
				AF6ADE9D25748EA000FBED46 /* WildDog.h */,
				AF6ADE9E25748EA000FBED46 /* WildDog.m */,
				AF6ADEA325748EAF00FBED46 /* WildCat.h */,
				AF6ADEA425748EAF00FBED46 /* WildCat.m */,
			);
			path = "AbstractFactory(抽象工厂模式)";
			sourceTree = "<group>";
		};
		AF5BE446256BB98D0028EB6E = {
			isa = PBXGroup;
			children = (
				AF5BE451256BB98D0028EB6E /* FWKnowledgePro */,
				AF5BE46D256BB98F0028EB6E /* FWKnowledgeProTests */,
				AF5BE478256BB98F0028EB6E /* FWKnowledgeProUITests */,
				AF5BE450256BB98D0028EB6E /* Products */,
				9281FC72911C5795BE4971C0 /* Pods */,
				C100CC4F10CB64D4C5318E06 /* Frameworks */,
			);
			sourceTree = "<group>";
		};
		AF5BE450256BB98D0028EB6E /* Products */ = {
			isa = PBXGroup;
			children = (
				AF5BE44F256BB98D0028EB6E /* FWKnowledgePro.app */,
				AF5BE46A256BB98F0028EB6E /* FWKnowledgeProTests.xctest */,
				AF5BE475256BB98F0028EB6E /* FWKnowledgeProUITests.xctest */,
			);
			name = Products;
			sourceTree = "<group>";
		};
		AF5BE451256BB98D0028EB6E /* FWKnowledgePro */ = {
			isa = PBXGroup;
			children = (
				AF5BE4AB256BBD540028EB6E /* Sections */,
				AF5BE4A6256BBD540028EB6E /* AppOthers */,
				AF5BE4AC256BBD540028EB6E /* General */,
				AF5BE499256BBAEB0028EB6E /* Supporting Files */,
			);
			path = FWKnowledgePro;
			sourceTree = "<group>";
		};
		AF5BE46D256BB98F0028EB6E /* FWKnowledgeProTests */ = {
			isa = PBXGroup;
			children = (
				AF5BE46E256BB98F0028EB6E /* FWKnowledgeProTests.m */,
				AF5BE470256BB98F0028EB6E /* Info.plist */,
			);
			path = FWKnowledgeProTests;
			sourceTree = "<group>";
		};
		AF5BE478256BB98F0028EB6E /* FWKnowledgeProUITests */ = {
			isa = PBXGroup;
			children = (
				AF5BE479256BB98F0028EB6E /* FWKnowledgeProUITests.m */,
				AF5BE47B256BB98F0028EB6E /* Info.plist */,
			);
			path = FWKnowledgeProUITests;
			sourceTree = "<group>";
		};
		AF5BE499256BBAEB0028EB6E /* Supporting Files */ = {
			isa = PBXGroup;
			children = (
				AF5BE463256BB98F0028EB6E /* Info.plist */,
				AF5BE45E256BB98F0028EB6E /* Assets.xcassets */,
				AF5BE460256BB98F0028EB6E /* LaunchScreen.storyboard */,
				AF5BE464256BB98F0028EB6E /* main.m */,
				AF5630B7256E041400F61828 /* Model.xcdatamodeld */,
			);
			path = "Supporting Files";
			sourceTree = "<group>";
		};
		AF5BE4A6256BBD540028EB6E /* AppOthers */ = {
			isa = PBXGroup;
			children = (
				AF5BE4A7256BBD540028EB6E /* AppDelegate.h */,
				AF5BE4A9256BBD540028EB6E /* AppDelegate.m */,
				AF5BE4AA256BBD540028EB6E /* SceneDelegate.h */,
				AF5BE4A8256BBD540028EB6E /* SceneDelegate.m */,
			);
			path = AppOthers;
			sourceTree = "<group>";
		};
		AF5BE4AB256BBD540028EB6E /* Sections */ = {
			isa = PBXGroup;
			children = (
				AF5631FF256F969B00F61828 /* Comprehensive(综合) */,
				AF56320E256F969B00F61828 /* DataPersistence(数据持久化) */,
				AF56322E256F969B00F61828 /* DesignPatterns(设计模式) */,
				AF5BE4B2256BBDB30028EB6E /* HomeViewController.h */,
				AF5BE4B3256BBDB30028EB6E /* HomeViewController.m */,
			);
			path = Sections;
			sourceTree = "<group>";
		};
		AF5BE4AC256BBD540028EB6E /* General */ = {
			isa = PBXGroup;
			children = (
				AF5BE4B8256BBE2C0028EB6E /* Base */,
			);
			path = General;
			sourceTree = "<group>";
		};
		AF5BE4B8256BBE2C0028EB6E /* Base */ = {
			isa = PBXGroup;
			children = (
				AF5BE4B9256BBE4C0028EB6E /* FWBaseViewController.h */,
				AF5BE4BA256BBE4C0028EB6E /* FWBaseViewController.m */,
				AF5BE4C2256BBE600028EB6E /* FWBaseTableViewController.h */,
				AF5BE4C3256BBE600028EB6E /* FWBaseTableViewController.m */,
			);
			path = Base;
			sourceTree = "<group>";
		};
		C100CC4F10CB64D4C5318E06 /* Frameworks */ = {
			isa = PBXGroup;
			children = (
				CDAA706BCE158FB31BA8152E /* Pods_FWKnowledgePro.framework */,
			);
			name = Frameworks;
			sourceTree = "<group>";
		};
/* End PBXGroup section */

/* Begin PBXNativeTarget section */
		AF5BE44E256BB98D0028EB6E /* FWKnowledgePro */ = {
			isa = PBXNativeTarget;
			buildConfigurationList = AF5BE47E256BB98F0028EB6E /* Build configuration list for PBXNativeTarget "FWKnowledgePro" */;
			buildPhases = (
				B92103E144CA8F5A7800380C /* [CP] Check Pods Manifest.lock */,
				AF5BE44B256BB98D0028EB6E /* Sources */,
				AF5BE44C256BB98D0028EB6E /* Frameworks */,
				AF5BE44D256BB98D0028EB6E /* Resources */,
				D9AEEA0BAB0D26BDEA38D686 /* [CP] Embed Pods Frameworks */,
			);
			buildRules = (
			);
			dependencies = (
			);
			name = FWKnowledgePro;
			productName = FWKnowledgePro;
			productReference = AF5BE44F256BB98D0028EB6E /* FWKnowledgePro.app */;
			productType = "com.apple.product-type.application";
		};
		AF5BE469256BB98F0028EB6E /* FWKnowledgeProTests */ = {
			isa = PBXNativeTarget;
			buildConfigurationList = AF5BE481256BB98F0028EB6E /* Build configuration list for PBXNativeTarget "FWKnowledgeProTests" */;
			buildPhases = (
				AF5BE466256BB98F0028EB6E /* Sources */,
				AF5BE467256BB98F0028EB6E /* Frameworks */,
				AF5BE468256BB98F0028EB6E /* Resources */,
			);
			buildRules = (
			);
			dependencies = (
				AF5BE46C256BB98F0028EB6E /* PBXTargetDependency */,
			);
			name = FWKnowledgeProTests;
			productName = FWKnowledgeProTests;
			productReference = AF5BE46A256BB98F0028EB6E /* FWKnowledgeProTests.xctest */;
			productType = "com.apple.product-type.bundle.unit-test";
		};
		AF5BE474256BB98F0028EB6E /* FWKnowledgeProUITests */ = {
			isa = PBXNativeTarget;
			buildConfigurationList = AF5BE484256BB98F0028EB6E /* Build configuration list for PBXNativeTarget "FWKnowledgeProUITests" */;
			buildPhases = (
				AF5BE471256BB98F0028EB6E /* Sources */,
				AF5BE472256BB98F0028EB6E /* Frameworks */,
				AF5BE473256BB98F0028EB6E /* Resources */,
			);
			buildRules = (
			);
			dependencies = (
				AF5BE477256BB98F0028EB6E /* PBXTargetDependency */,
			);
			name = FWKnowledgeProUITests;
			productName = FWKnowledgeProUITests;
			productReference = AF5BE475256BB98F0028EB6E /* FWKnowledgeProUITests.xctest */;
			productType = "com.apple.product-type.bundle.ui-testing";
		};
/* End PBXNativeTarget section */

/* Begin PBXProject section */
		AF5BE447256BB98D0028EB6E /* Project object */ = {
			isa = PBXProject;
			attributes = {
				LastUpgradeCheck = 1220;
				TargetAttributes = {
					AF5BE44E256BB98D0028EB6E = {
						CreatedOnToolsVersion = 12.2;
					};
					AF5BE469256BB98F0028EB6E = {
						CreatedOnToolsVersion = 12.2;
						TestTargetID = AF5BE44E256BB98D0028EB6E;
					};
					AF5BE474256BB98F0028EB6E = {
						CreatedOnToolsVersion = 12.2;
						TestTargetID = AF5BE44E256BB98D0028EB6E;
					};
				};
			};
			buildConfigurationList = AF5BE44A256BB98D0028EB6E /* Build configuration list for PBXProject "FWKnowledgePro" */;
			compatibilityVersion = "Xcode 9.3";
			developmentRegion = en;
			hasScannedForEncodings = 0;
			knownRegions = (
				en,
				Base,
			);
			mainGroup = AF5BE446256BB98D0028EB6E;
			productRefGroup = AF5BE450256BB98D0028EB6E /* Products */;
			projectDirPath = "";
			projectRoot = "";
			targets = (
				AF5BE44E256BB98D0028EB6E /* FWKnowledgePro */,
				AF5BE469256BB98F0028EB6E /* FWKnowledgeProTests */,
				AF5BE474256BB98F0028EB6E /* FWKnowledgeProUITests */,
			);
		};
/* End PBXProject section */

/* Begin PBXResourcesBuildPhase section */
		AF5BE44D256BB98D0028EB6E /* Resources */ = {
			isa = PBXResourcesBuildPhase;
			buildActionMask = 2147483647;
			files = (
				AF5BE462256BB98F0028EB6E /* LaunchScreen.storyboard in Resources */,
				AF5BE45F256BB98F0028EB6E /* Assets.xcassets in Resources */,
			);
			runOnlyForDeploymentPostprocessing = 0;
		};
		AF5BE468256BB98F0028EB6E /* Resources */ = {
			isa = PBXResourcesBuildPhase;
			buildActionMask = 2147483647;
			files = (
			);
			runOnlyForDeploymentPostprocessing = 0;
		};
		AF5BE473256BB98F0028EB6E /* Resources */ = {
			isa = PBXResourcesBuildPhase;
			buildActionMask = 2147483647;
			files = (
			);
			runOnlyForDeploymentPostprocessing = 0;
		};
/* End PBXResourcesBuildPhase section */

/* Begin PBXShellScriptBuildPhase section */
		B92103E144CA8F5A7800380C /* [CP] Check Pods Manifest.lock */ = {
			isa = PBXShellScriptBuildPhase;
			buildActionMask = 2147483647;
			files = (
			);
			inputFileListPaths = (
			);
			inputPaths = (
				"${PODS_PODFILE_DIR_PATH}/Podfile.lock",
				"${PODS_ROOT}/Manifest.lock",
			);
			name = "[CP] Check Pods Manifest.lock";
			outputFileListPaths = (
			);
			outputPaths = (
				"$(DERIVED_FILE_DIR)/Pods-FWKnowledgePro-checkManifestLockResult.txt",
			);
			runOnlyForDeploymentPostprocessing = 0;
			shellPath = /bin/sh;
			shellScript = "diff \"${PODS_PODFILE_DIR_PATH}/Podfile.lock\" \"${PODS_ROOT}/Manifest.lock\" > /dev/null\nif [ $? != 0 ] ; then\n    # print error to STDERR\n    echo \"error: The sandbox is not in sync with the Podfile.lock. Run 'pod install' or update your CocoaPods installation.\" >&2\n    exit 1\nfi\n# This output is used by Xcode 'outputs' to avoid re-running this script phase.\necho \"SUCCESS\" > \"${SCRIPT_OUTPUT_FILE_0}\"\n";
			showEnvVarsInLog = 0;
		};
		D9AEEA0BAB0D26BDEA38D686 /* [CP] Embed Pods Frameworks */ = {
			isa = PBXShellScriptBuildPhase;
			buildActionMask = 2147483647;
			files = (
			);
			inputFileListPaths = (
				"${PODS_ROOT}/Target Support Files/Pods-FWKnowledgePro/Pods-FWKnowledgePro-frameworks-${CONFIGURATION}-input-files.xcfilelist",
			);
			name = "[CP] Embed Pods Frameworks";
			outputFileListPaths = (
				"${PODS_ROOT}/Target Support Files/Pods-FWKnowledgePro/Pods-FWKnowledgePro-frameworks-${CONFIGURATION}-output-files.xcfilelist",
			);
			runOnlyForDeploymentPostprocessing = 0;
			shellPath = /bin/sh;
			shellScript = "\"${PODS_ROOT}/Target Support Files/Pods-FWKnowledgePro/Pods-FWKnowledgePro-frameworks.sh\"\n";
			showEnvVarsInLog = 0;
		};
/* End PBXShellScriptBuildPhase section */

/* Begin PBXSourcesBuildPhase section */
		AF5BE44B256BB98D0028EB6E /* Sources */ = {
			isa = PBXSourcesBuildPhase;
			buildActionMask = 2147483647;
			files = (
				AF563237256F969C00F61828 /* CDHomeViewController.m in Sources */,
				AF56341C2570EC4300F61828 /* DogFactory.m in Sources */,
				AF5633022570AF0F00F61828 /* PrototypePersonDeepCopy.m in Sources */,
				AF5633002570AF0F00F61828 /* PrototypePerson.m in Sources */,
				AF5633062570AF0F00F61828 /* SingletonTest.m in Sources */,
				AF6ADE8A2574886800FBED46 /* DomesticDog.m in Sources */,
				AF5BE4AE256BBD540028EB6E /* AppDelegate.m in Sources */,
				AF563243256F969C00F61828 /* ClassTestModel.m in Sources */,
				AF5634222570EC5800F61828 /* CatFactory.m in Sources */,
				AF563230256F969B00F61828 /* BlockTestViewController.m in Sources */,
				AF5BE4C4256BBE600028EB6E /* FWBaseTableViewController.m in Sources */,
				AF563235256F969C00F61828 /* GCDTestViewController.m in Sources */,
				AF5BE4BB256BBE4C0028EB6E /* FWBaseViewController.m in Sources */,
				AF6ADE812574862A00FBED46 /* DomesticAnimalFactory.m in Sources */,
				AF5633792570DFFF00F61828 /* Cat.m in Sources */,
				AF563249256F971300F61828 /* DPHomeViewController.m in Sources */,
				AF6ADE9F25748EA000FBED46 /* WildDog.m in Sources */,
				AF56323C256F969C00F61828 /* CMHomeViewController.m in Sources */,
				AF563232256F969B00F61828 /* NetTestViewController.m in Sources */,
				AF563240256F969C00F61828 /* FMDBTestViewController.m in Sources */,
				AF5633032570AF0F00F61828 /* NSObject+Singleton.m in Sources */,
				AF563242256F969C00F61828 /* StudentTestModel.m in Sources */,
				AF56323A256F969C00F61828 /* KeyChainTestViewController.m in Sources */,
				AF5BE4AD256BBD540028EB6E /* SceneDelegate.m in Sources */,
				AF56322F256F969B00F61828 /* RunLoopTestViewController.m in Sources */,
				AF6ADE902574887800FBED46 /* DomesticCat.m in Sources */,
				AF563234256F969B00F61828 /* MSAlgorithmViewController.m in Sources */,
				AF56323D256F969C00F61828 /* CMAllDataListViewController.m in Sources */,
				AF563233256F969B00F61828 /* NSOperationTestViewController.m in Sources */,
				AF56323B256F969C00F61828 /* DataPersistenceViewController.m in Sources */,
				AF5BE465256BB98F0028EB6E /* main.m in Sources */,
				AF5633042570AF0F00F61828 /* HMSingleton.m in Sources */,
				AF56323E256F969C00F61828 /* CMClassStudentViewController.m in Sources */,
				AF5634102570EB3500F61828 /* Dog.m in Sources */,
				AF5632FF2570AF0F00F61828 /* PrototypePersonShallowCopy.m in Sources */,
				AF563239256F969C00F61828 /* Student2+CoreDataClass.m in Sources */,
				AF6ADEA525748EAF00FBED46 /* WildCat.m in Sources */,
				AF563231256F969B00F61828 /* NSThreadTestViewController.m in Sources */,
				AF56323F256F969C00F61828 /* FWDataBaseManager.m in Sources */,
				AF5633012570AF0F00F61828 /* PrototypeJob.m in Sources */,
				AF6ADE9625748E1B00FBED46 /* WildAnimalFactory.m in Sources */,
				AF563236256F969C00F61828 /* SQLiteTestViewController.m in Sources */,
				AF563241256F969C00F61828 /* UserTestModel.m in Sources */,
				AF563238256F969C00F61828 /* Student2+CoreDataProperties.m in Sources */,
				AF5633052570AF0F00F61828 /* Singleton.m in Sources */,
				AF5BE4B4256BBDB30028EB6E /* HomeViewController.m in Sources */,
				AF5630B9256E041400F61828 /* Model.xcdatamodeld in Sources */,
			);
			runOnlyForDeploymentPostprocessing = 0;
		};
		AF5BE466256BB98F0028EB6E /* Sources */ = {
			isa = PBXSourcesBuildPhase;
			buildActionMask = 2147483647;
			files = (
				AF5BE46F256BB98F0028EB6E /* FWKnowledgeProTests.m in Sources */,
			);
			runOnlyForDeploymentPostprocessing = 0;
		};
		AF5BE471256BB98F0028EB6E /* Sources */ = {
			isa = PBXSourcesBuildPhase;
			buildActionMask = 2147483647;
			files = (
				AF5BE47A256BB98F0028EB6E /* FWKnowledgeProUITests.m in Sources */,
			);
			runOnlyForDeploymentPostprocessing = 0;
		};
/* End PBXSourcesBuildPhase section */

/* Begin PBXTargetDependency section */
		AF5BE46C256BB98F0028EB6E /* PBXTargetDependency */ = {
			isa = PBXTargetDependency;
			target = AF5BE44E256BB98D0028EB6E /* FWKnowledgePro */;
			targetProxy = AF5BE46B256BB98F0028EB6E /* PBXContainerItemProxy */;
		};
		AF5BE477256BB98F0028EB6E /* PBXTargetDependency */ = {
			isa = PBXTargetDependency;
			target = AF5BE44E256BB98D0028EB6E /* FWKnowledgePro */;
			targetProxy = AF5BE476256BB98F0028EB6E /* PBXContainerItemProxy */;
		};
/* End PBXTargetDependency section */

/* Begin PBXVariantGroup section */
		AF5BE460256BB98F0028EB6E /* LaunchScreen.storyboard */ = {
			isa = PBXVariantGroup;
			children = (
				AF5BE461256BB98F0028EB6E /* Base */,
			);
			name = LaunchScreen.storyboard;
			sourceTree = "<group>";
		};
/* End PBXVariantGroup section */

/* Begin XCBuildConfiguration section */
		AF5BE47C256BB98F0028EB6E /* Debug */ = {
			isa = XCBuildConfiguration;
			buildSettings = {
				ALWAYS_SEARCH_USER_PATHS = NO;
				CLANG_ANALYZER_NONNULL = YES;
				CLANG_ANALYZER_NUMBER_OBJECT_CONVERSION = YES_AGGRESSIVE;
				CLANG_CXX_LANGUAGE_STANDARD = "gnu++14";
				CLANG_CXX_LIBRARY = "libc++";
				CLANG_ENABLE_MODULES = YES;
				CLANG_ENABLE_OBJC_ARC = YES;
				CLANG_ENABLE_OBJC_WEAK = YES;
				CLANG_WARN_BLOCK_CAPTURE_AUTORELEASING = YES;
				CLANG_WARN_BOOL_CONVERSION = YES;
				CLANG_WARN_COMMA = YES;
				CLANG_WARN_CONSTANT_CONVERSION = YES;
				CLANG_WARN_DEPRECATED_OBJC_IMPLEMENTATIONS = YES;
				CLANG_WARN_DIRECT_OBJC_ISA_USAGE = YES_ERROR;
				CLANG_WARN_DOCUMENTATION_COMMENTS = YES;
				CLANG_WARN_EMPTY_BODY = YES;
				CLANG_WARN_ENUM_CONVERSION = YES;
				CLANG_WARN_INFINITE_RECURSION = YES;
				CLANG_WARN_INT_CONVERSION = YES;
				CLANG_WARN_NON_LITERAL_NULL_CONVERSION = YES;
				CLANG_WARN_OBJC_IMPLICIT_RETAIN_SELF = YES;
				CLANG_WARN_OBJC_LITERAL_CONVERSION = YES;
				CLANG_WARN_OBJC_ROOT_CLASS = YES_ERROR;
				CLANG_WARN_QUOTED_INCLUDE_IN_FRAMEWORK_HEADER = YES;
				CLANG_WARN_RANGE_LOOP_ANALYSIS = YES;
				CLANG_WARN_STRICT_PROTOTYPES = YES;
				CLANG_WARN_SUSPICIOUS_MOVE = YES;
				CLANG_WARN_UNGUARDED_AVAILABILITY = YES_AGGRESSIVE;
				CLANG_WARN_UNREACHABLE_CODE = YES;
				CLANG_WARN__DUPLICATE_METHOD_MATCH = YES;
				COPY_PHASE_STRIP = NO;
				DEBUG_INFORMATION_FORMAT = dwarf;
				ENABLE_STRICT_OBJC_MSGSEND = YES;
				ENABLE_TESTABILITY = YES;
				GCC_C_LANGUAGE_STANDARD = gnu11;
				GCC_DYNAMIC_NO_PIC = NO;
				GCC_NO_COMMON_BLOCKS = YES;
				GCC_OPTIMIZATION_LEVEL = 0;
				GCC_PREPROCESSOR_DEFINITIONS = (
					"DEBUG=1",
					"$(inherited)",
				);
				GCC_WARN_64_TO_32_BIT_CONVERSION = YES;
				GCC_WARN_ABOUT_RETURN_TYPE = YES_ERROR;
				GCC_WARN_UNDECLARED_SELECTOR = YES;
				GCC_WARN_UNINITIALIZED_AUTOS = YES_AGGRESSIVE;
				GCC_WARN_UNUSED_FUNCTION = YES;
				GCC_WARN_UNUSED_VARIABLE = YES;
				IPHONEOS_DEPLOYMENT_TARGET = 14.2;
				MTL_ENABLE_DEBUG_INFO = INCLUDE_SOURCE;
				MTL_FAST_MATH = YES;
				ONLY_ACTIVE_ARCH = YES;
				SDKROOT = iphoneos;
			};
			name = Debug;
		};
		AF5BE47D256BB98F0028EB6E /* Release */ = {
			isa = XCBuildConfiguration;
			buildSettings = {
				ALWAYS_SEARCH_USER_PATHS = NO;
				CLANG_ANALYZER_NONNULL = YES;
				CLANG_ANALYZER_NUMBER_OBJECT_CONVERSION = YES_AGGRESSIVE;
				CLANG_CXX_LANGUAGE_STANDARD = "gnu++14";
				CLANG_CXX_LIBRARY = "libc++";
				CLANG_ENABLE_MODULES = YES;
				CLANG_ENABLE_OBJC_ARC = YES;
				CLANG_ENABLE_OBJC_WEAK = YES;
				CLANG_WARN_BLOCK_CAPTURE_AUTORELEASING = YES;
				CLANG_WARN_BOOL_CONVERSION = YES;
				CLANG_WARN_COMMA = YES;
				CLANG_WARN_CONSTANT_CONVERSION = YES;
				CLANG_WARN_DEPRECATED_OBJC_IMPLEMENTATIONS = YES;
				CLANG_WARN_DIRECT_OBJC_ISA_USAGE = YES_ERROR;
				CLANG_WARN_DOCUMENTATION_COMMENTS = YES;
				CLANG_WARN_EMPTY_BODY = YES;
				CLANG_WARN_ENUM_CONVERSION = YES;
				CLANG_WARN_INFINITE_RECURSION = YES;
				CLANG_WARN_INT_CONVERSION = YES;
				CLANG_WARN_NON_LITERAL_NULL_CONVERSION = YES;
				CLANG_WARN_OBJC_IMPLICIT_RETAIN_SELF = YES;
				CLANG_WARN_OBJC_LITERAL_CONVERSION = YES;
				CLANG_WARN_OBJC_ROOT_CLASS = YES_ERROR;
				CLANG_WARN_QUOTED_INCLUDE_IN_FRAMEWORK_HEADER = YES;
				CLANG_WARN_RANGE_LOOP_ANALYSIS = YES;
				CLANG_WARN_STRICT_PROTOTYPES = YES;
				CLANG_WARN_SUSPICIOUS_MOVE = YES;
				CLANG_WARN_UNGUARDED_AVAILABILITY = YES_AGGRESSIVE;
				CLANG_WARN_UNREACHABLE_CODE = YES;
				CLANG_WARN__DUPLICATE_METHOD_MATCH = YES;
				COPY_PHASE_STRIP = NO;
				DEBUG_INFORMATION_FORMAT = "dwarf-with-dsym";
				ENABLE_NS_ASSERTIONS = NO;
				ENABLE_STRICT_OBJC_MSGSEND = YES;
				GCC_C_LANGUAGE_STANDARD = gnu11;
				GCC_NO_COMMON_BLOCKS = YES;
				GCC_WARN_64_TO_32_BIT_CONVERSION = YES;
				GCC_WARN_ABOUT_RETURN_TYPE = YES_ERROR;
				GCC_WARN_UNDECLARED_SELECTOR = YES;
				GCC_WARN_UNINITIALIZED_AUTOS = YES_AGGRESSIVE;
				GCC_WARN_UNUSED_FUNCTION = YES;
				GCC_WARN_UNUSED_VARIABLE = YES;
				IPHONEOS_DEPLOYMENT_TARGET = 14.2;
				MTL_ENABLE_DEBUG_INFO = NO;
				MTL_FAST_MATH = YES;
				SDKROOT = iphoneos;
				VALIDATE_PRODUCT = YES;
			};
			name = Release;
		};
		AF5BE47F256BB98F0028EB6E /* Debug */ = {
			isa = XCBuildConfiguration;
			baseConfigurationReference = 72FB8F3DDE2EAD5F61852F6B /* Pods-FWKnowledgePro.debug.xcconfig */;
			buildSettings = {
				ASSETCATALOG_COMPILER_APPICON_NAME = AppIcon;
				ASSETCATALOG_COMPILER_GLOBAL_ACCENT_COLOR_NAME = AccentColor;
				CODE_SIGN_STYLE = Automatic;
				DEVELOPMENT_TEAM = K4Y22J2KN7;
				INFOPLIST_FILE = "FWKnowledgePro/Supporting Files/Info.plist";
				IPHONEOS_DEPLOYMENT_TARGET = 13.0;
				LD_RUNPATH_SEARCH_PATHS = (
					"$(inherited)",
					"@executable_path/Frameworks",
				);
				PRODUCT_BUNDLE_IDENTIFIER = com.fw.xfg.FWKnowledgePro;
				PRODUCT_NAME = "$(TARGET_NAME)";
				TARGETED_DEVICE_FAMILY = "1,2";
			};
			name = Debug;
		};
		AF5BE480256BB98F0028EB6E /* Release */ = {
			isa = XCBuildConfiguration;
			baseConfigurationReference = ED4A85BC7664EC07AC610233 /* Pods-FWKnowledgePro.release.xcconfig */;
			buildSettings = {
				ASSETCATALOG_COMPILER_APPICON_NAME = AppIcon;
				ASSETCATALOG_COMPILER_GLOBAL_ACCENT_COLOR_NAME = AccentColor;
				CODE_SIGN_STYLE = Automatic;
				DEVELOPMENT_TEAM = K4Y22J2KN7;
				INFOPLIST_FILE = "FWKnowledgePro/Supporting Files/Info.plist";
				IPHONEOS_DEPLOYMENT_TARGET = 13.0;
				LD_RUNPATH_SEARCH_PATHS = (
					"$(inherited)",
					"@executable_path/Frameworks",
				);
				PRODUCT_BUNDLE_IDENTIFIER = com.fw.xfg.FWKnowledgePro;
				PRODUCT_NAME = "$(TARGET_NAME)";
				TARGETED_DEVICE_FAMILY = "1,2";
			};
			name = Release;
		};
		AF5BE482256BB98F0028EB6E /* Debug */ = {
			isa = XCBuildConfiguration;
			buildSettings = {
				BUNDLE_LOADER = "$(TEST_HOST)";
				CODE_SIGN_STYLE = Automatic;
				INFOPLIST_FILE = FWKnowledgeProTests/Info.plist;
				IPHONEOS_DEPLOYMENT_TARGET = 14.2;
				LD_RUNPATH_SEARCH_PATHS = (
					"$(inherited)",
					"@executable_path/Frameworks",
					"@loader_path/Frameworks",
				);
				PRODUCT_BUNDLE_IDENTIFIER = com.fw.xfg.FWKnowledgeProTests;
				PRODUCT_NAME = "$(TARGET_NAME)";
				TARGETED_DEVICE_FAMILY = "1,2";
				TEST_HOST = "$(BUILT_PRODUCTS_DIR)/FWKnowledgePro.app/FWKnowledgePro";
			};
			name = Debug;
		};
		AF5BE483256BB98F0028EB6E /* Release */ = {
			isa = XCBuildConfiguration;
			buildSettings = {
				BUNDLE_LOADER = "$(TEST_HOST)";
				CODE_SIGN_STYLE = Automatic;
				INFOPLIST_FILE = FWKnowledgeProTests/Info.plist;
				IPHONEOS_DEPLOYMENT_TARGET = 14.2;
				LD_RUNPATH_SEARCH_PATHS = (
					"$(inherited)",
					"@executable_path/Frameworks",
					"@loader_path/Frameworks",
				);
				PRODUCT_BUNDLE_IDENTIFIER = com.fw.xfg.FWKnowledgeProTests;
				PRODUCT_NAME = "$(TARGET_NAME)";
				TARGETED_DEVICE_FAMILY = "1,2";
				TEST_HOST = "$(BUILT_PRODUCTS_DIR)/FWKnowledgePro.app/FWKnowledgePro";
			};
			name = Release;
		};
		AF5BE485256BB98F0028EB6E /* Debug */ = {
			isa = XCBuildConfiguration;
			buildSettings = {
				CODE_SIGN_STYLE = Automatic;
				INFOPLIST_FILE = FWKnowledgeProUITests/Info.plist;
				LD_RUNPATH_SEARCH_PATHS = (
					"$(inherited)",
					"@executable_path/Frameworks",
					"@loader_path/Frameworks",
				);
				PRODUCT_BUNDLE_IDENTIFIER = com.fw.xfg.FWKnowledgeProUITests;
				PRODUCT_NAME = "$(TARGET_NAME)";
				TARGETED_DEVICE_FAMILY = "1,2";
				TEST_TARGET_NAME = FWKnowledgePro;
			};
			name = Debug;
		};
		AF5BE486256BB98F0028EB6E /* Release */ = {
			isa = XCBuildConfiguration;
			buildSettings = {
				CODE_SIGN_STYLE = Automatic;
				INFOPLIST_FILE = FWKnowledgeProUITests/Info.plist;
				LD_RUNPATH_SEARCH_PATHS = (
					"$(inherited)",
					"@executable_path/Frameworks",
					"@loader_path/Frameworks",
				);
				PRODUCT_BUNDLE_IDENTIFIER = com.fw.xfg.FWKnowledgeProUITests;
				PRODUCT_NAME = "$(TARGET_NAME)";
				TARGETED_DEVICE_FAMILY = "1,2";
				TEST_TARGET_NAME = FWKnowledgePro;
			};
			name = Release;
		};
/* End XCBuildConfiguration section */

/* Begin XCConfigurationList section */
		AF5BE44A256BB98D0028EB6E /* Build configuration list for PBXProject "FWKnowledgePro" */ = {
			isa = XCConfigurationList;
			buildConfigurations = (
				AF5BE47C256BB98F0028EB6E /* Debug */,
				AF5BE47D256BB98F0028EB6E /* Release */,
			);
			defaultConfigurationIsVisible = 0;
			defaultConfigurationName = Release;
		};
		AF5BE47E256BB98F0028EB6E /* Build configuration list for PBXNativeTarget "FWKnowledgePro" */ = {
			isa = XCConfigurationList;
			buildConfigurations = (
				AF5BE47F256BB98F0028EB6E /* Debug */,
				AF5BE480256BB98F0028EB6E /* Release */,
			);
			defaultConfigurationIsVisible = 0;
			defaultConfigurationName = Release;
		};
		AF5BE481256BB98F0028EB6E /* Build configuration list for PBXNativeTarget "FWKnowledgeProTests" */ = {
			isa = XCConfigurationList;
			buildConfigurations = (
				AF5BE482256BB98F0028EB6E /* Debug */,
				AF5BE483256BB98F0028EB6E /* Release */,
			);
			defaultConfigurationIsVisible = 0;
			defaultConfigurationName = Release;
		};
		AF5BE484256BB98F0028EB6E /* Build configuration list for PBXNativeTarget "FWKnowledgeProUITests" */ = {
			isa = XCConfigurationList;
			buildConfigurations = (
				AF5BE485256BB98F0028EB6E /* Debug */,
				AF5BE486256BB98F0028EB6E /* Release */,
			);
			defaultConfigurationIsVisible = 0;
			defaultConfigurationName = Release;
		};
/* End XCConfigurationList section */

/* Begin XCVersionGroup section */
		AF5630B7256E041400F61828 /* Model.xcdatamodeld */ = {
			isa = XCVersionGroup;
			children = (
				AF5630B8256E041400F61828 /* Model.xcdatamodel */,
			);
			currentVersion = AF5630B8256E041400F61828 /* Model.xcdatamodel */;
			path = Model.xcdatamodeld;
			sourceTree = "<group>";
			versionGroupType = wrapper.xcdatamodel;
		};
/* End XCVersionGroup section */
	};
	rootObject = AF5BE447256BB98D0028EB6E /* Project object */;
}
